
Microsoft Visual Studio Solution File, Format Version 12.00
# Visual Studio Version 16
VisualStudioVersion = 16.0.31624.102
MinimumVisualStudioVersion = 10.0.40219.1
Project("{FAE04EC0-301F-11D3-BF4B-00C04F79EFBC}") = "App", "App\App.csproj", "{BF030F63-4ECD-4513-8699-4A1ACA209B80}"
EndProject
Global
	GlobalSection(SolutionConfigurationPlatforms) = preSolution
		Debug|Any CPU = Debug|Any CPU
		Release|Any CPU = Release|Any CPU
	EndGlobalSection
	GlobalSection(ProjectConfigurationPlatforms) = postSolution
		{BF030F63-4ECD-4513-8699-4A1ACA209B80}.Debug|Any CPU.ActiveCfg = Debug|Any CPU
		{BF030F63-4ECD-4513-8699-4A1ACA209B80}.Debug|Any CPU.Build.0 = Debug|Any CPU
		{BF030F63-4ECD-4513-8699-4A1ACA209B80}.Release|Any CPU.ActiveCfg = Release|Any CPU
		{BF030F63-4ECD-4513-8699-4A1ACA209B80}.Release|Any CPU.Build.0 = Release|Any CPU
	EndGlobalSection
	GlobalSection(SolutionProperties) = preSolution
		HideSolutionNode = FALSE
	EndGlobalSection
	GlobalSection(ExtensibilityGlobals) = postSolution
		SolutionGuid = {3BC7526F-7F85-4C83-9B45-C1967A4E5525}
	EndGlobalSection
EndGlobal
